
Microsoft Visual Studio Solution File, Format Version 12.00
# Visual Studio Version 16
VisualStudioVersion = 16.0.31624.102
MinimumVisualStudioVersion = 10.0.40219.1
Project("{FAE04EC0-301F-11D3-BF4B-00C04F79EFBC}") = "QuizApp", "QuizApp\QuizApp.csproj", "{77EF436E-5275-4E06-817B-9E9E5D462052}"
EndProject
Global
	GlobalSection(SolutionConfigurationPlatforms) = preSolution
		Debug|Any CPU = Debug|Any CPU
		Release|Any CPU = Release|Any CPU
	EndGlobalSection
	GlobalSection(ProjectConfigurationPlatforms) = postSolution
		{77EF436E-5275-4E06-817B-9E9E5D462052}.Debug|Any CPU.ActiveCfg = Debug|Any CPU
		{77EF436E-5275-4E06-817B-9E9E5D462052}.Debug|Any CPU.Build.0 = Debug|Any CPU
		{77EF436E-5275-4E06-817B-9E9E5D462052}.Release|Any CPU.ActiveCfg = Release|Any CPU
		{77EF436E-5275-4E06-817B-9E9E5D462052}.Release|Any CPU.Build.0 = Release|Any CPU
	EndGlobalSection
	GlobalSection(SolutionProperties) = preSolution
		HideSolutionNode = FALSE
	EndGlobalSection
	GlobalSection(ExtensibilityGlobals) = postSolution
		SolutionGuid = {B8A54193-3A21-40F9-97DC-147417BD6B8E}
	EndGlobalSection
EndGlobal
